// !$*UTF8*$!
{
	archiveVersion = 1;
	classes = {
	};
	objectVersion = 50;
	objects = {

/* Begin PBXBuildFile section */
		50461A8326D137EE00853FBF /* AppDelegate.swift in Sources */ = {isa = PBXBuildFile; fileRef = 50461A8226D137EE00853FBF /* AppDelegate.swift */; };
		50461A8526D137EE00853FBF /* SceneDelegate.swift in Sources */ = {isa = PBXBuildFile; fileRef = 50461A8426D137EE00853FBF /* SceneDelegate.swift */; };
		50461A8726D137EE00853FBF /* ViewController.swift in Sources */ = {isa = PBXBuildFile; fileRef = 50461A8626D137EE00853FBF /* ViewController.swift */; };
		50461A8A26D137EE00853FBF /* Main.storyboard in Resources */ = {isa = PBXBuildFile; fileRef = 50461A8826D137EE00853FBF /* Main.storyboard */; };
		50461A8C26D137EF00853FBF /* Assets.xcassets in Resources */ = {isa = PBXBuildFile; fileRef = 50461A8B26D137EF00853FBF /* Assets.xcassets */; };
		50461A8F26D137EF00853FBF /* LaunchScreen.storyboard in Resources */ = {isa = PBXBuildFile; fileRef = 50461A8D26D137EF00853FBF /* LaunchScreen.storyboard */; };
		50461A9826D1499800853FBF /* InFa.framework in Frameworks */ = {isa = PBXBuildFile; fileRef = 50461A9726D1499800853FBF /* InFa.framework */; };
/* End PBXBuildFile section */

/* Begin PBXFileReference section */
		50461A7F26D137EE00853FBF /* InFa-Demo.app */ = {isa = PBXFileReference; explicitFileType = wrapper.application; includeInIndex = 0; path = "InFa-Demo.app"; sourceTree = BUILT_PRODUCTS_DIR; };
		50461A8226D137EE00853FBF /* AppDelegate.swift */ = {isa = PBXFileReference; lastKnownFileType = sourcecode.swift; path = AppDelegate.swift; sourceTree = "<group>"; };
		50461A8426D137EE00853FBF /* SceneDelegate.swift */ = {isa = PBXFileReference; lastKnownFileType = sourcecode.swift; path = SceneDelegate.swift; sourceTree = "<group>"; };
		50461A8626D137EE00853FBF /* ViewController.swift */ = {isa = PBXFileReference; lastKnownFileType = sourcecode.swift; path = ViewController.swift; sourceTree = "<group>"; };
		50461A8926D137EE00853FBF /* Base */ = {isa = PBXFileReference; lastKnownFileType = file.storyboard; name = Base; path = Base.lproj/Main.storyboard; sourceTree = "<group>"; };
		50461A8B26D137EF00853FBF /* Assets.xcassets */ = {isa = PBXFileReference; lastKnownFileType = folder.assetcatalog; path = Assets.xcassets; sourceTree = "<group>"; };
		50461A8E26D137EF00853FBF /* Base */ = {isa = PBXFileReference; lastKnownFileType = file.storyboard; name = Base; path = Base.lproj/LaunchScreen.storyboard; sourceTree = "<group>"; };
		50461A9026D137EF00853FBF /* Info.plist */ = {isa = PBXFileReference; lastKnownFileType = text.plist.xml; path = Info.plist; sourceTree = "<group>"; };
		50461A9726D1499800853FBF /* InFa.framework */ = {isa = PBXFileReference; explicitFileType = wrapper.framework; path = InFa.framework; sourceTree = BUILT_PRODUCTS_DIR; };
/* End PBXFileReference section */

/* Begin PBXFrameworksBuildPhase section */
		50461A7C26D137EE00853FBF /* Frameworks */ = {
			isa = PBXFrameworksBuildPhase;
			buildActionMask = 2147483647;
			files = (
				50461A9826D1499800853FBF /* InFa.framework in Frameworks */,
			);
			runOnlyForDeploymentPostprocessing = 0;
		};
/* End PBXFrameworksBuildPhase section */

/* Begin PBXGroup section */
		50461A7626D137ED00853FBF = {
			isa = PBXGroup;
			children = (
				50461A8126D137EE00853FBF /* InFa-Demo */,
				50461A8026D137EE00853FBF /* Products */,
				50461A9626D1499800853FBF /* Frameworks */,
			);
			sourceTree = "<group>";
		};
		50461A8026D137EE00853FBF /* Products */ = {
			isa = PBXGroup;
			children = (
				50461A7F26D137EE00853FBF /* InFa-Demo.app */,
			);
			name = Products;
			sourceTree = "<group>";
		};
		50461A8126D137EE00853FBF /* InFa-Demo */ = {
			isa = PBXGroup;
			children = (
				50461A8226D137EE00853FBF /* AppDelegate.swift */,
				50461A8426D137EE00853FBF /* SceneDelegate.swift */,
				50461A8626D137EE00853FBF /* ViewController.swift */,
				50461A8826D137EE00853FBF /* Main.storyboard */,
				50461A8B26D137EF00853FBF /* Assets.xcassets */,
				50461A8D26D137EF00853FBF /* LaunchScreen.storyboard */,
				50461A9026D137EF00853FBF /* Info.plist */,
			);
			path = "InFa-Demo";
			sourceTree = "<group>";
		};
		50461A9626D1499800853FBF /* Frameworks */ = {
			isa = PBXGroup;
			children = (
				50461A9726D1499800853FBF /* InFa.framework */,
			);
			name = Frameworks;
			sourceTree = "<group>";
		};
/* End PBXGroup section */

/* Begin PBXNativeTarget section */
		50461A7E26D137EE00853FBF /* InFa-Demo */ = {
			isa = PBXNativeTarget;
			buildConfigurationList = 50461A9326D137EF00853FBF /* Build configuration list for PBXNativeTarget "InFa-Demo" */;
			buildPhases = (
				50461A7B26D137EE00853FBF /* Sources */,
				50461A7C26D137EE00853FBF /* Frameworks */,
				50461A7D26D137EE00853FBF /* Resources */,
			);
			buildRules = (
			);
			dependencies = (
			);
			name = "InFa-Demo";
			productName = "InFa-Demo";
			productReference = 50461A7F26D137EE00853FBF /* InFa-Demo.app */;
			productType = "com.apple.product-type.application";
		};
/* End PBXNativeTarget section */

/* Begin PBXProject section */
		50461A7726D137ED00853FBF /* Project object */ = {
			isa = PBXProject;
			attributes = {
				LastSwiftUpdateCheck = 1250;
				LastUpgradeCheck = 1250;
				TargetAttributes = {
					50461A7E26D137EE00853FBF = {
						CreatedOnToolsVersion = 12.5.1;
					};
				};
			};
			buildConfigurationList = 50461A7A26D137ED00853FBF /* Build configuration list for PBXProject "InFa-Demo" */;
			compatibilityVersion = "Xcode 9.3";
			developmentRegion = en;
			hasScannedForEncodings = 0;
			knownRegions = (
				en,
				Base,
			);
			mainGroup = 50461A7626D137ED00853FBF;
			productRefGroup = 50461A8026D137EE00853FBF /* Products */;
			projectDirPath = "";
			projectRoot = "";
			targets = (
				50461A7E26D137EE00853FBF /* InFa-Demo */,
			);
		};
/* End PBXProject section */

/* Begin PBXResourcesBuildPhase section */
		50461A7D26D137EE00853FBF /* Resources */ = {
			isa = PBXResourcesBuildPhase;
			buildActionMask = 2147483647;
			files = (
				50461A8F26D137EF00853FBF /* LaunchScreen.storyboard in Resources */,
				50461A8C26D137EF00853FBF /* Assets.xcassets in Resources */,
				50461A8A26D137EE00853FBF /* Main.storyboard in Resources */,
			);
			runOnlyForDeploymentPostprocessing = 0;
		};
/* End PBXResourcesBuildPhase section */

/* Begin PBXSourcesBuildPhase section */
		50461A7B26D137EE00853FBF /* Sources */ = {
			isa = PBXSourcesBuildPhase;
			buildActionMask = 2147483647;
			files = (
				50461A8726D137EE00853FBF /* ViewController.swift in Sources */,
				50461A8326D137EE00853FBF /* AppDelegate.swift in Sources */,
				50461A8526D137EE00853FBF /* SceneDelegate.swift in Sources */,
			);
			runOnlyForDeploymentPostprocessing = 0;
		};
/* End PBXSourcesBuildPhase section */

/* Begin PBXVariantGroup section */
		50461A8826D137EE00853FBF /* Main.storyboard */ = {
			isa = PBXVariantGroup;
			children = (
				50461A8926D137EE00853FBF /* Base */,
			);
			name = Main.storyboard;
			sourceTree = "<group>";
		};
		50461A8D26D137EF00853FBF /* LaunchScreen.storyboard */ = {
			isa = PBXVariantGroup;
			children = (
				50461A8E26D137EF00853FBF /* Base */,
			);
			name = LaunchScreen.storyboard;
			sourceTree = "<group>";
		};
/* End PBXVariantGroup section */

/* Begin XCBuildConfiguration section */
		50461A9126D137EF00853FBF /* Debug */ = {
			isa = XCBuildConfiguration;
			buildSettings = {
				ALWAYS_SEARCH_USER_PATHS = NO;
				CLANG_ANALYZER_NONNULL = YES;
				CLANG_ANALYZER_NUMBER_OBJECT_CONVERSION = YES_AGGRESSIVE;
				CLANG_CXX_LANGUAGE_STANDARD = "gnu++14";
				CLANG_CXX_LIBRARY = "libc++";
				CLANG_ENABLE_MODULES = YES;
				CLANG_ENABLE_OBJC_ARC = YES;
				CLANG_ENABLE_OBJC_WEAK = YES;
				CLANG_WARN_BLOCK_CAPTURE_AUTORELEASING = YES;
				CLANG_WARN_BOOL_CONVERSION = YES;
				CLANG_WARN_COMMA = YES;
				CLANG_WARN_CONSTANT_CONVERSION = YES;
				CLANG_WARN_DEPRECATED_OBJC_IMPLEMENTATIONS = YES;
				CLANG_WARN_DIRECT_OBJC_ISA_USAGE = YES_ERROR;
				CLANG_WARN_DOCUMENTATION_COMMENTS = YES;
				CLANG_WARN_EMPTY_BODY = YES;
				CLANG_WARN_ENUM_CONVERSION = YES;
				CLANG_WARN_INFINITE_RECURSION = YES;
				CLANG_WARN_INT_CONVERSION = YES;
				CLANG_WARN_NON_LITERAL_NULL_CONVERSION = YES;
				CLANG_WARN_OBJC_IMPLICIT_RETAIN_SELF = YES;
				CLANG_WARN_OBJC_LITERAL_CONVERSION = YES;
				CLANG_WARN_OBJC_ROOT_CLASS = YES_ERROR;
				CLANG_WARN_QUOTED_INCLUDE_IN_FRAMEWORK_HEADER = YES;
				CLANG_WARN_RANGE_LOOP_ANALYSIS = YES;
				CLANG_WARN_STRICT_PROTOTYPES = YES;
				CLANG_WARN_SUSPICIOUS_MOVE = YES;
				CLANG_WARN_UNGUARDED_AVAILABILITY = YES_AGGRESSIVE;
				CLANG_WARN_UNREACHABLE_CODE = YES;
				CLANG_WARN__DUPLICATE_METHOD_MATCH = YES;
				COPY_PHASE_STRIP = NO;
				DEBUG_INFORMATION_FORMAT = dwarf;
				ENABLE_STRICT_OBJC_MSGSEND = YES;
				ENABLE_TESTABILITY = YES;
				GCC_C_LANGUAGE_STANDARD = gnu11;
				GCC_DYNAMIC_NO_PIC = NO;
				GCC_NO_COMMON_BLOCKS = YES;
				GCC_OPTIMIZATION_LEVEL = 0;
				GCC_PREPROCESSOR_DEFINITIONS = (
					"DEBUG=1",
					"$(inherited)",
				);
				GCC_WARN_64_TO_32_BIT_CONVERSION = YES;
				GCC_WARN_ABOUT_RETURN_TYPE = YES_ERROR;
				GCC_WARN_UNDECLARED_SELECTOR = YES;
				GCC_WARN_UNINITIALIZED_AUTOS = YES_AGGRESSIVE;
				GCC_WARN_UNUSED_FUNCTION = YES;
				GCC_WARN_UNUSED_VARIABLE = YES;
				IPHONEOS_DEPLOYMENT_TARGET = 10.0;
				MTL_ENABLE_DEBUG_INFO = INCLUDE_SOURCE;
				MTL_FAST_MATH = YES;
				ONLY_ACTIVE_ARCH = YES;
				SDKROOT = iphoneos;
				SWIFT_ACTIVE_COMPILATION_CONDITIONS = DEBUG;
				SWIFT_OPTIMIZATION_LEVEL = "-Onone";
			};
			name = Debug;
		};
		50461A9226D137EF00853FBF /* Release */ = {
			isa = XCBuildConfiguration;
			buildSettings = {
				ALWAYS_SEARCH_USER_PATHS = NO;
				CLANG_ANALYZER_NONNULL = YES;
				CLANG_ANALYZER_NUMBER_OBJECT_CONVERSION = YES_AGGRESSIVE;
				CLANG_CXX_LANGUAGE_STANDARD = "gnu++14";
				CLANG_CXX_LIBRARY = "libc++";
				CLANG_ENABLE_MODULES = YES;
				CLANG_ENABLE_OBJC_ARC = YES;
				CLANG_ENABLE_OBJC_WEAK = YES;
				CLANG_WARN_BLOCK_CAPTURE_AUTORELEASING = YES;
				CLANG_WARN_BOOL_CONVERSION = YES;
				CLANG_WARN_COMMA = YES;
				CLANG_WARN_CONSTANT_CONVERSION = YES;
				CLANG_WARN_DEPRECATED_OBJC_IMPLEMENTATIONS = YES;
				CLANG_WARN_DIRECT_OBJC_ISA_USAGE = YES_ERROR;
				CLANG_WARN_DOCUMENTATION_COMMENTS = YES;
				CLANG_WARN_EMPTY_BODY = YES;
				CLANG_WARN_ENUM_CONVERSION = YES;
				CLANG_WARN_INFINITE_RECURSION = YES;
				CLANG_WARN_INT_CONVERSION = YES;
				CLANG_WARN_NON_LITERAL_NULL_CONVERSION = YES;
				CLANG_WARN_OBJC_IMPLICIT_RETAIN_SELF = YES;
				CLANG_WARN_OBJC_LITERAL_CONVERSION = YES;
				CLANG_WARN_OBJC_ROOT_CLASS = YES_ERROR;
				CLANG_WARN_QUOTED_INCLUDE_IN_FRAMEWORK_HEADER = YES;
				CLANG_WARN_RANGE_LOOP_ANALYSIS = YES;
				CLANG_WARN_STRICT_PROTOTYPES = YES;
				CLANG_WARN_SUSPICIOUS_MOVE = YES;
				CLANG_WARN_UNGUARDED_AVAILABILITY = YES_AGGRESSIVE;
				CLANG_WARN_UNREACHABLE_CODE = YES;
				CLANG_WARN__DUPLICATE_METHOD_MATCH = YES;
				COPY_PHASE_STRIP = NO;
				DEBUG_INFORMATION_FORMAT = "dwarf-with-dsym";
				ENABLE_NS_ASSERTIONS = NO;
				ENABLE_STRICT_OBJC_MSGSEND = YES;
				GCC_C_LANGUAGE_STANDARD = gnu11;
				GCC_NO_COMMON_BLOCKS = YES;
				GCC_WARN_64_TO_32_BIT_CONVERSION = YES;
				GCC_WARN_ABOUT_RETURN_TYPE = YES_ERROR;
				GCC_WARN_UNDECLARED_SELECTOR = YES;
				GCC_WARN_UNINITIALIZED_AUTOS = YES_AGGRESSIVE;
				GCC_WARN_UNUSED_FUNCTION = YES;
				GCC_WARN_UNUSED_VARIABLE = YES;
				IPHONEOS_DEPLOYMENT_TARGET = 10.0;
				MTL_ENABLE_DEBUG_INFO = NO;
				MTL_FAST_MATH = YES;
				SDKROOT = iphoneos;
				SWIFT_COMPILATION_MODE = wholemodule;
				SWIFT_OPTIMIZATION_LEVEL = "-O";
				VALIDATE_PRODUCT = YES;
			};
			name = Release;
		};
		50461A9426D137EF00853FBF /* Debug */ = {
			isa = XCBuildConfiguration;
			buildSettings = {
				ASSETCATALOG_COMPILER_APPICON_NAME = AppIcon;
				ASSETCATALOG_COMPILER_GLOBAL_ACCENT_COLOR_NAME = AccentColor;
				CODE_SIGN_STYLE = Automatic;
				INFOPLIST_FILE = "InFa-Demo/Info.plist";
				LD_RUNPATH_SEARCH_PATHS = (
					"$(inherited)",
					"@executable_path/Frameworks",
				);
				MARKETING_VERSION = 1.0.0;
				PRODUCT_BUNDLE_IDENTIFIER = "com.max.jian.InFa-Demo";
				PRODUCT_NAME = "$(TARGET_NAME)";
				SWIFT_VERSION = 5.0;
				TARGETED_DEVICE_FAMILY = "1,2";
			};
			name = Debug;
		};
		50461A9526D137EF00853FBF /* Release */ = {
			isa = XCBuildConfiguration;
			buildSettings = {
				ASSETCATALOG_COMPILER_APPICON_NAME = AppIcon;
				ASSETCATALOG_COMPILER_GLOBAL_ACCENT_COLOR_NAME = AccentColor;
				CODE_SIGN_STYLE = Automatic;
				INFOPLIST_FILE = "InFa-Demo/Info.plist";
				LD_RUNPATH_SEARCH_PATHS = (
					"$(inherited)",
					"@executable_path/Frameworks",
				);
				MARKETING_VERSION = 1.0.0;
				PRODUCT_BUNDLE_IDENTIFIER = "com.max.jian.InFa-Demo";
				PRODUCT_NAME = "$(TARGET_NAME)";
				SWIFT_VERSION = 5.0;
				TARGETED_DEVICE_FAMILY = "1,2";
			};
			name = Release;
		};
/* End XCBuildConfiguration section */

/* Begin XCConfigurationList section */
		50461A7A26D137ED00853FBF /* Build configuration list for PBXProject "InFa-Demo" */ = {
			isa = XCConfigurationList;
			buildConfigurations = (
				50461A9126D137EF00853FBF /* Debug */,
				50461A9226D137EF00853FBF /* Release */,
			);
			defaultConfigurationIsVisible = 0;
			defaultConfigurationName = Release;
		};
		50461A9326D137EF00853FBF /* Build configuration list for PBXNativeTarget "InFa-Demo" */ = {
			isa = XCConfigurationList;
			buildConfigurations = (
				50461A9426D137EF00853FBF /* Debug */,
				50461A9526D137EF00853FBF /* Release */,
			);
			defaultConfigurationIsVisible = 0;
			defaultConfigurationName = Release;
		};
/* End XCConfigurationList section */
	};
	rootObject = 50461A7726D137ED00853FBF /* Project object */;
}
